
Microsoft Visual Studio Solution File, Format Version 12.00
# Visual Studio Version 17
VisualStudioVersion = 17.8.34330.188
MinimumVisualStudioVersion = 10.0.40219.1
Project("{FAE04EC0-301F-11D3-BF4B-00C04F79EFBC}") = "leetcode-solutions", "leetcode-solutions.csproj", "{22E0D3B0-1464-4EE1-8D16-5D340BC21B33}"
EndProject
Global
	GlobalSection(SolutionConfigurationPlatforms) = preSolution
		Debug|Any CPU = Debug|Any CPU
		Release|Any CPU = Release|Any CPU
	EndGlobalSection
	GlobalSection(ProjectConfigurationPlatforms) = postSolution
		{22E0D3B0-1464-4EE1-8D16-5D340BC21B33}.Debug|Any CPU.ActiveCfg = Debug|Any CPU
		{22E0D3B0-1464-4EE1-8D16-5D340BC21B33}.Debug|Any CPU.Build.0 = Debug|Any CPU
		{22E0D3B0-1464-4EE1-8D16-5D340BC21B33}.Release|Any CPU.ActiveCfg = Release|Any CPU
		{22E0D3B0-1464-4EE1-8D16-5D340BC21B33}.Release|Any CPU.Build.0 = Release|Any CPU
	EndGlobalSection
	GlobalSection(SolutionProperties) = preSolution
		HideSolutionNode = FALSE
	EndGlobalSection
	GlobalSection(ExtensibilityGlobals) = postSolution
		SolutionGuid = {EE613E1D-FDB2-49BB-855B-36FD591E7861}
	EndGlobalSection
EndGlobal
